# THIS IS AN AUTOGENERATED FILE. DO NOT EDIT THIS FILE DIRECTLY.
# yarn lockfile v1


"@vercel/edge@^0.3.1":
  version "0.3.1"
  resolved "https://registry.yarnpkg.com/@vercel/edge/-/edge-0.3.1.tgz#6ee14551d109a1e06a7e25cab97df98dc5b5a58c"
  integrity sha512-NdJxoaUI/AMvSu9dBM5MA1mxzk+Xo1sMrjyNRtNGsH5iKYyMdMWNUEvHdkyn1kN6opM03rQHYOYgXhBwNyIfdQ==
